// !$*UTF8*$!
{
	archiveVersion = 1;
	classes = {
	};
	objectVersion = 55;
	objects = {

/* Begin PBXBuildFile section */
		54FFC3AE2750E3AE00F00518 /* AppDelegate.swift in Sources */ = {isa = PBXBuildFile; fileRef = 54FFC3AD2750E3AE00F00518 /* AppDelegate.swift */; };
		54FFC3B02750E3AE00F00518 /* ViewController.swift in Sources */ = {isa = PBXBuildFile; fileRef = 54FFC3AF2750E3AE00F00518 /* ViewController.swift */; };
		54FFC3B32750E3AE00F00518 /* KAppstoreBuySDK.xcdatamodeld in Sources */ = {isa = PBXBuildFile; fileRef = 54FFC3B12750E3AE00F00518 /* KAppstoreBuySDK.xcdatamodeld */; };
		54FFC3B52750E3B600F00518 /* Assets.xcassets in Resources */ = {isa = PBXBuildFile; fileRef = 54FFC3B42750E3B600F00518 /* Assets.xcassets */; };
		54FFC3B82750E3B600F00518 /* Main.storyboard in Resources */ = {isa = PBXBuildFile; fileRef = 54FFC3B62750E3B600F00518 /* Main.storyboard */; };
		54FFC3C32750E3B700F00518 /* KAppstoreBuySDKTests.swift in Sources */ = {isa = PBXBuildFile; fileRef = 54FFC3C22750E3B700F00518 /* KAppstoreBuySDKTests.swift */; };
		54FFC3CD2750E3B700F00518 /* KAppstoreBuySDKUITests.swift in Sources */ = {isa = PBXBuildFile; fileRef = 54FFC3CC2750E3B700F00518 /* KAppstoreBuySDKUITests.swift */; };
		54FFC3CF2750E3B700F00518 /* KAppstoreBuySDKUITestsLaunchTests.swift in Sources */ = {isa = PBXBuildFile; fileRef = 54FFC3CE2750E3B700F00518 /* KAppstoreBuySDKUITestsLaunchTests.swift */; };
/* End PBXBuildFile section */

/* Begin PBXContainerItemProxy section */
		54FFC3BF2750E3B700F00518 /* PBXContainerItemProxy */ = {
			isa = PBXContainerItemProxy;
			containerPortal = 54FFC3A22750E3AE00F00518 /* Project object */;
			proxyType = 1;
			remoteGlobalIDString = 54FFC3A92750E3AE00F00518;
			remoteInfo = KAppstoreBuySDK;
		};
		54FFC3C92750E3B700F00518 /* PBXContainerItemProxy */ = {
			isa = PBXContainerItemProxy;
			containerPortal = 54FFC3A22750E3AE00F00518 /* Project object */;
			proxyType = 1;
			remoteGlobalIDString = 54FFC3A92750E3AE00F00518;
			remoteInfo = KAppstoreBuySDK;
		};
/* End PBXContainerItemProxy section */

/* Begin PBXFileReference section */
		54FFC3AA2750E3AE00F00518 /* KAppstoreBuySDK.app */ = {isa = PBXFileReference; explicitFileType = wrapper.application; includeInIndex = 0; path = KAppstoreBuySDK.app; sourceTree = BUILT_PRODUCTS_DIR; };
		54FFC3AD2750E3AE00F00518 /* AppDelegate.swift */ = {isa = PBXFileReference; lastKnownFileType = sourcecode.swift; path = AppDelegate.swift; sourceTree = "<group>"; };
		54FFC3AF2750E3AE00F00518 /* ViewController.swift */ = {isa = PBXFileReference; lastKnownFileType = sourcecode.swift; path = ViewController.swift; sourceTree = "<group>"; };
		54FFC3B22750E3AE00F00518 /* KAppstoreBuySDK.xcdatamodel */ = {isa = PBXFileReference; lastKnownFileType = wrapper.xcdatamodel; path = KAppstoreBuySDK.xcdatamodel; sourceTree = "<group>"; };
		54FFC3B42750E3B600F00518 /* Assets.xcassets */ = {isa = PBXFileReference; lastKnownFileType = folder.assetcatalog; path = Assets.xcassets; sourceTree = "<group>"; };
		54FFC3B72750E3B600F00518 /* Base */ = {isa = PBXFileReference; lastKnownFileType = file.storyboard; name = Base; path = Base.lproj/Main.storyboard; sourceTree = "<group>"; };
		54FFC3B92750E3B600F00518 /* KAppstoreBuySDK.entitlements */ = {isa = PBXFileReference; lastKnownFileType = text.plist.entitlements; path = KAppstoreBuySDK.entitlements; sourceTree = "<group>"; };
		54FFC3BE2750E3B700F00518 /* KAppstoreBuySDKTests.xctest */ = {isa = PBXFileReference; explicitFileType = wrapper.cfbundle; includeInIndex = 0; path = KAppstoreBuySDKTests.xctest; sourceTree = BUILT_PRODUCTS_DIR; };
		54FFC3C22750E3B700F00518 /* KAppstoreBuySDKTests.swift */ = {isa = PBXFileReference; lastKnownFileType = sourcecode.swift; path = KAppstoreBuySDKTests.swift; sourceTree = "<group>"; };
		54FFC3C82750E3B700F00518 /* KAppstoreBuySDKUITests.xctest */ = {isa = PBXFileReference; explicitFileType = wrapper.cfbundle; includeInIndex = 0; path = KAppstoreBuySDKUITests.xctest; sourceTree = BUILT_PRODUCTS_DIR; };
		54FFC3CC2750E3B700F00518 /* KAppstoreBuySDKUITests.swift */ = {isa = PBXFileReference; lastKnownFileType = sourcecode.swift; path = KAppstoreBuySDKUITests.swift; sourceTree = "<group>"; };
		54FFC3CE2750E3B700F00518 /* KAppstoreBuySDKUITestsLaunchTests.swift */ = {isa = PBXFileReference; lastKnownFileType = sourcecode.swift; path = KAppstoreBuySDKUITestsLaunchTests.swift; sourceTree = "<group>"; };
/* End PBXFileReference section */

/* Begin PBXFrameworksBuildPhase section */
		54FFC3A72750E3AE00F00518 /* Frameworks */ = {
			isa = PBXFrameworksBuildPhase;
			buildActionMask = 2147483647;
			files = (
			);
			runOnlyForDeploymentPostprocessing = 0;
		};
		54FFC3BB2750E3B700F00518 /* Frameworks */ = {
			isa = PBXFrameworksBuildPhase;
			buildActionMask = 2147483647;
			files = (
			);
			runOnlyForDeploymentPostprocessing = 0;
		};
		54FFC3C52750E3B700F00518 /* Frameworks */ = {
			isa = PBXFrameworksBuildPhase;
			buildActionMask = 2147483647;
			files = (
			);
			runOnlyForDeploymentPostprocessing = 0;
		};
/* End PBXFrameworksBuildPhase section */

/* Begin PBXGroup section */
		54FFC3A12750E3AE00F00518 = {
			isa = PBXGroup;
			children = (
				54FFC3AC2750E3AE00F00518 /* KAppstoreBuySDK */,
				54FFC3C12750E3B700F00518 /* KAppstoreBuySDKTests */,
				54FFC3CB2750E3B700F00518 /* KAppstoreBuySDKUITests */,
				54FFC3AB2750E3AE00F00518 /* Products */,
			);
			sourceTree = "<group>";
		};
		54FFC3AB2750E3AE00F00518 /* Products */ = {
			isa = PBXGroup;
			children = (
				54FFC3AA2750E3AE00F00518 /* KAppstoreBuySDK.app */,
				54FFC3BE2750E3B700F00518 /* KAppstoreBuySDKTests.xctest */,
				54FFC3C82750E3B700F00518 /* KAppstoreBuySDKUITests.xctest */,
			);
			name = Products;
			sourceTree = "<group>";
		};
		54FFC3AC2750E3AE00F00518 /* KAppstoreBuySDK */ = {
			isa = PBXGroup;
			children = (
				54FFC3AD2750E3AE00F00518 /* AppDelegate.swift */,
				54FFC3AF2750E3AE00F00518 /* ViewController.swift */,
				54FFC3B42750E3B600F00518 /* Assets.xcassets */,
				54FFC3B62750E3B600F00518 /* Main.storyboard */,
				54FFC3B92750E3B600F00518 /* KAppstoreBuySDK.entitlements */,
				54FFC3B12750E3AE00F00518 /* KAppstoreBuySDK.xcdatamodeld */,
			);
			path = KAppstoreBuySDK;
			sourceTree = "<group>";
		};
		54FFC3C12750E3B700F00518 /* KAppstoreBuySDKTests */ = {
			isa = PBXGroup;
			children = (
				54FFC3C22750E3B700F00518 /* KAppstoreBuySDKTests.swift */,
			);
			path = KAppstoreBuySDKTests;
			sourceTree = "<group>";
		};
		54FFC3CB2750E3B700F00518 /* KAppstoreBuySDKUITests */ = {
			isa = PBXGroup;
			children = (
				54FFC3CC2750E3B700F00518 /* KAppstoreBuySDKUITests.swift */,
				54FFC3CE2750E3B700F00518 /* KAppstoreBuySDKUITestsLaunchTests.swift */,
			);
			path = KAppstoreBuySDKUITests;
			sourceTree = "<group>";
		};
/* End PBXGroup section */

/* Begin PBXNativeTarget section */
		54FFC3A92750E3AE00F00518 /* KAppstoreBuySDK */ = {
			isa = PBXNativeTarget;
			buildConfigurationList = 54FFC3D22750E3B700F00518 /* Build configuration list for PBXNativeTarget "KAppstoreBuySDK" */;
			buildPhases = (
				54FFC3A62750E3AE00F00518 /* Sources */,
				54FFC3A72750E3AE00F00518 /* Frameworks */,
				54FFC3A82750E3AE00F00518 /* Resources */,
			);
			buildRules = (
			);
			dependencies = (
			);
			name = KAppstoreBuySDK;
			productName = KAppstoreBuySDK;
			productReference = 54FFC3AA2750E3AE00F00518 /* KAppstoreBuySDK.app */;
			productType = "com.apple.product-type.application";
		};
		54FFC3BD2750E3B700F00518 /* KAppstoreBuySDKTests */ = {
			isa = PBXNativeTarget;
			buildConfigurationList = 54FFC3D52750E3B700F00518 /* Build configuration list for PBXNativeTarget "KAppstoreBuySDKTests" */;
			buildPhases = (
				54FFC3BA2750E3B700F00518 /* Sources */,
				54FFC3BB2750E3B700F00518 /* Frameworks */,
				54FFC3BC2750E3B700F00518 /* Resources */,
			);
			buildRules = (
			);
			dependencies = (
				54FFC3C02750E3B700F00518 /* PBXTargetDependency */,
			);
			name = KAppstoreBuySDKTests;
			productName = KAppstoreBuySDKTests;
			productReference = 54FFC3BE2750E3B700F00518 /* KAppstoreBuySDKTests.xctest */;
			productType = "com.apple.product-type.bundle.unit-test";
		};
		54FFC3C72750E3B700F00518 /* KAppstoreBuySDKUITests */ = {
			isa = PBXNativeTarget;
			buildConfigurationList = 54FFC3D82750E3B700F00518 /* Build configuration list for PBXNativeTarget "KAppstoreBuySDKUITests" */;
			buildPhases = (
				54FFC3C42750E3B700F00518 /* Sources */,
				54FFC3C52750E3B700F00518 /* Frameworks */,
				54FFC3C62750E3B700F00518 /* Resources */,
			);
			buildRules = (
			);
			dependencies = (
				54FFC3CA2750E3B700F00518 /* PBXTargetDependency */,
			);
			name = KAppstoreBuySDKUITests;
			productName = KAppstoreBuySDKUITests;
			productReference = 54FFC3C82750E3B700F00518 /* KAppstoreBuySDKUITests.xctest */;
			productType = "com.apple.product-type.bundle.ui-testing";
		};
/* End PBXNativeTarget section */

/* Begin PBXProject section */
		54FFC3A22750E3AE00F00518 /* Project object */ = {
			isa = PBXProject;
			attributes = {
				BuildIndependentTargetsInParallel = 1;
				LastSwiftUpdateCheck = 1310;
				LastUpgradeCheck = 1310;
				TargetAttributes = {
					54FFC3A92750E3AE00F00518 = {
						CreatedOnToolsVersion = 13.1;
					};
					54FFC3BD2750E3B700F00518 = {
						CreatedOnToolsVersion = 13.1;
						TestTargetID = 54FFC3A92750E3AE00F00518;
					};
					54FFC3C72750E3B700F00518 = {
						CreatedOnToolsVersion = 13.1;
						TestTargetID = 54FFC3A92750E3AE00F00518;
					};
				};
			};
			buildConfigurationList = 54FFC3A52750E3AE00F00518 /* Build configuration list for PBXProject "KAppstoreBuySDK" */;
			compatibilityVersion = "Xcode 13.0";
			developmentRegion = en;
			hasScannedForEncodings = 0;
			knownRegions = (
				en,
				Base,
			);
			mainGroup = 54FFC3A12750E3AE00F00518;
			productRefGroup = 54FFC3AB2750E3AE00F00518 /* Products */;
			projectDirPath = "";
			projectRoot = "";
			targets = (
				54FFC3A92750E3AE00F00518 /* KAppstoreBuySDK */,
				54FFC3BD2750E3B700F00518 /* KAppstoreBuySDKTests */,
				54FFC3C72750E3B700F00518 /* KAppstoreBuySDKUITests */,
			);
		};
/* End PBXProject section */

/* Begin PBXResourcesBuildPhase section */
		54FFC3A82750E3AE00F00518 /* Resources */ = {
			isa = PBXResourcesBuildPhase;
			buildActionMask = 2147483647;
			files = (
				54FFC3B52750E3B600F00518 /* Assets.xcassets in Resources */,
				54FFC3B82750E3B600F00518 /* Main.storyboard in Resources */,
			);
			runOnlyForDeploymentPostprocessing = 0;
		};
		54FFC3BC2750E3B700F00518 /* Resources */ = {
			isa = PBXResourcesBuildPhase;
			buildActionMask = 2147483647;
			files = (
			);
			runOnlyForDeploymentPostprocessing = 0;
		};
		54FFC3C62750E3B700F00518 /* Resources */ = {
			isa = PBXResourcesBuildPhase;
			buildActionMask = 2147483647;
			files = (
			);
			runOnlyForDeploymentPostprocessing = 0;
		};
/* End PBXResourcesBuildPhase section */

/* Begin PBXSourcesBuildPhase section */
		54FFC3A62750E3AE00F00518 /* Sources */ = {
			isa = PBXSourcesBuildPhase;
			buildActionMask = 2147483647;
			files = (
				54FFC3B02750E3AE00F00518 /* ViewController.swift in Sources */,
				54FFC3AE2750E3AE00F00518 /* AppDelegate.swift in Sources */,
				54FFC3B32750E3AE00F00518 /* KAppstoreBuySDK.xcdatamodeld in Sources */,
			);
			runOnlyForDeploymentPostprocessing = 0;
		};
		54FFC3BA2750E3B700F00518 /* Sources */ = {
			isa = PBXSourcesBuildPhase;
			buildActionMask = 2147483647;
			files = (
				54FFC3C32750E3B700F00518 /* KAppstoreBuySDKTests.swift in Sources */,
			);
			runOnlyForDeploymentPostprocessing = 0;
		};
		54FFC3C42750E3B700F00518 /* Sources */ = {
			isa = PBXSourcesBuildPhase;
			buildActionMask = 2147483647;
			files = (
				54FFC3CF2750E3B700F00518 /* KAppstoreBuySDKUITestsLaunchTests.swift in Sources */,
				54FFC3CD2750E3B700F00518 /* KAppstoreBuySDKUITests.swift in Sources */,
			);
			runOnlyForDeploymentPostprocessing = 0;
		};
/* End PBXSourcesBuildPhase section */

/* Begin PBXTargetDependency section */
		54FFC3C02750E3B700F00518 /* PBXTargetDependency */ = {
			isa = PBXTargetDependency;
			target = 54FFC3A92750E3AE00F00518 /* KAppstoreBuySDK */;
			targetProxy = 54FFC3BF2750E3B700F00518 /* PBXContainerItemProxy */;
		};
		54FFC3CA2750E3B700F00518 /* PBXTargetDependency */ = {
			isa = PBXTargetDependency;
			target = 54FFC3A92750E3AE00F00518 /* KAppstoreBuySDK */;
			targetProxy = 54FFC3C92750E3B700F00518 /* PBXContainerItemProxy */;
		};
/* End PBXTargetDependency section */

/* Begin PBXVariantGroup section */
		54FFC3B62750E3B600F00518 /* Main.storyboard */ = {
			isa = PBXVariantGroup;
			children = (
				54FFC3B72750E3B600F00518 /* Base */,
			);
			name = Main.storyboard;
			sourceTree = "<group>";
		};
/* End PBXVariantGroup section */

/* Begin XCBuildConfiguration section */
		54FFC3D02750E3B700F00518 /* Debug */ = {
			isa = XCBuildConfiguration;
			buildSettings = {
				ALWAYS_SEARCH_USER_PATHS = NO;
				CLANG_ANALYZER_NONNULL = YES;
				CLANG_ANALYZER_NUMBER_OBJECT_CONVERSION = YES_AGGRESSIVE;
				CLANG_CXX_LANGUAGE_STANDARD = "gnu++17";
				CLANG_CXX_LIBRARY = "libc++";
				CLANG_ENABLE_MODULES = YES;
				CLANG_ENABLE_OBJC_ARC = YES;
				CLANG_ENABLE_OBJC_WEAK = YES;
				CLANG_WARN_BLOCK_CAPTURE_AUTORELEASING = YES;
				CLANG_WARN_BOOL_CONVERSION = YES;
				CLANG_WARN_COMMA = YES;
				CLANG_WARN_CONSTANT_CONVERSION = YES;
				CLANG_WARN_DEPRECATED_OBJC_IMPLEMENTATIONS = YES;
				CLANG_WARN_DIRECT_OBJC_ISA_USAGE = YES_ERROR;
				CLANG_WARN_DOCUMENTATION_COMMENTS = YES;
				CLANG_WARN_EMPTY_BODY = YES;
				CLANG_WARN_ENUM_CONVERSION = YES;
				CLANG_WARN_INFINITE_RECURSION = YES;
				CLANG_WARN_INT_CONVERSION = YES;
				CLANG_WARN_NON_LITERAL_NULL_CONVERSION = YES;
				CLANG_WARN_OBJC_IMPLICIT_RETAIN_SELF = YES;
				CLANG_WARN_OBJC_LITERAL_CONVERSION = YES;
				CLANG_WARN_OBJC_ROOT_CLASS = YES_ERROR;
				CLANG_WARN_QUOTED_INCLUDE_IN_FRAMEWORK_HEADER = YES;
				CLANG_WARN_RANGE_LOOP_ANALYSIS = YES;
				CLANG_WARN_STRICT_PROTOTYPES = YES;
				CLANG_WARN_SUSPICIOUS_MOVE = YES;
				CLANG_WARN_UNGUARDED_AVAILABILITY = YES_AGGRESSIVE;
				CLANG_WARN_UNREACHABLE_CODE = YES;
				CLANG_WARN__DUPLICATE_METHOD_MATCH = YES;
				COPY_PHASE_STRIP = NO;
				DEBUG_INFORMATION_FORMAT = dwarf;
				ENABLE_STRICT_OBJC_MSGSEND = YES;
				ENABLE_TESTABILITY = YES;
				GCC_C_LANGUAGE_STANDARD = gnu11;
				GCC_DYNAMIC_NO_PIC = NO;
				GCC_NO_COMMON_BLOCKS = YES;
				GCC_OPTIMIZATION_LEVEL = 0;
				GCC_PREPROCESSOR_DEFINITIONS = (
					"DEBUG=1",
					"$(inherited)",
				);
				GCC_WARN_64_TO_32_BIT_CONVERSION = YES;
				GCC_WARN_ABOUT_RETURN_TYPE = YES_ERROR;
				GCC_WARN_UNDECLARED_SELECTOR = YES;
				GCC_WARN_UNINITIALIZED_AUTOS = YES_AGGRESSIVE;
				GCC_WARN_UNUSED_FUNCTION = YES;
				GCC_WARN_UNUSED_VARIABLE = YES;
				MACOSX_DEPLOYMENT_TARGET = 11.4;
				MTL_ENABLE_DEBUG_INFO = INCLUDE_SOURCE;
				MTL_FAST_MATH = YES;
				ONLY_ACTIVE_ARCH = YES;
				SDKROOT = macosx;
				SWIFT_ACTIVE_COMPILATION_CONDITIONS = DEBUG;
				SWIFT_OPTIMIZATION_LEVEL = "-Onone";
			};
			name = Debug;
		};
		54FFC3D12750E3B700F00518 /* Release */ = {
			isa = XCBuildConfiguration;
			buildSettings = {
				ALWAYS_SEARCH_USER_PATHS = NO;
				CLANG_ANALYZER_NONNULL = YES;
				CLANG_ANALYZER_NUMBER_OBJECT_CONVERSION = YES_AGGRESSIVE;
				CLANG_CXX_LANGUAGE_STANDARD = "gnu++17";
				CLANG_CXX_LIBRARY = "libc++";
				CLANG_ENABLE_MODULES = YES;
				CLANG_ENABLE_OBJC_ARC = YES;
				CLANG_ENABLE_OBJC_WEAK = YES;
				CLANG_WARN_BLOCK_CAPTURE_AUTORELEASING = YES;
				CLANG_WARN_BOOL_CONVERSION = YES;
				CLANG_WARN_COMMA = YES;
				CLANG_WARN_CONSTANT_CONVERSION = YES;
				CLANG_WARN_DEPRECATED_OBJC_IMPLEMENTATIONS = YES;
				CLANG_WARN_DIRECT_OBJC_ISA_USAGE = YES_ERROR;
				CLANG_WARN_DOCUMENTATION_COMMENTS = YES;
				CLANG_WARN_EMPTY_BODY = YES;
				CLANG_WARN_ENUM_CONVERSION = YES;
				CLANG_WARN_INFINITE_RECURSION = YES;
				CLANG_WARN_INT_CONVERSION = YES;
				CLANG_WARN_NON_LITERAL_NULL_CONVERSION = YES;
				CLANG_WARN_OBJC_IMPLICIT_RETAIN_SELF = YES;
				CLANG_WARN_OBJC_LITERAL_CONVERSION = YES;
				CLANG_WARN_OBJC_ROOT_CLASS = YES_ERROR;
				CLANG_WARN_QUOTED_INCLUDE_IN_FRAMEWORK_HEADER = YES;
				CLANG_WARN_RANGE_LOOP_ANALYSIS = YES;
				CLANG_WARN_STRICT_PROTOTYPES = YES;
				CLANG_WARN_SUSPICIOUS_MOVE = YES;
				CLANG_WARN_UNGUARDED_AVAILABILITY = YES_AGGRESSIVE;
				CLANG_WARN_UNREACHABLE_CODE = YES;
				CLANG_WARN__DUPLICATE_METHOD_MATCH = YES;
				COPY_PHASE_STRIP = NO;
				DEBUG_INFORMATION_FORMAT = "dwarf-with-dsym";
				ENABLE_NS_ASSERTIONS = NO;
				ENABLE_STRICT_OBJC_MSGSEND = YES;
				GCC_C_LANGUAGE_STANDARD = gnu11;
				GCC_NO_COMMON_BLOCKS = YES;
				GCC_WARN_64_TO_32_BIT_CONVERSION = YES;
				GCC_WARN_ABOUT_RETURN_TYPE = YES_ERROR;
				GCC_WARN_UNDECLARED_SELECTOR = YES;
				GCC_WARN_UNINITIALIZED_AUTOS = YES_AGGRESSIVE;
				GCC_WARN_UNUSED_FUNCTION = YES;
				GCC_WARN_UNUSED_VARIABLE = YES;
				MACOSX_DEPLOYMENT_TARGET = 11.4;
				MTL_ENABLE_DEBUG_INFO = NO;
				MTL_FAST_MATH = YES;
				SDKROOT = macosx;
				SWIFT_COMPILATION_MODE = wholemodule;
				SWIFT_OPTIMIZATION_LEVEL = "-O";
			};
			name = Release;
		};
		54FFC3D32750E3B700F00518 /* Debug */ = {
			isa = XCBuildConfiguration;
			buildSettings = {
				ASSETCATALOG_COMPILER_APPICON_NAME = AppIcon;
				ASSETCATALOG_COMPILER_GLOBAL_ACCENT_COLOR_NAME = AccentColor;
				CODE_SIGN_ENTITLEMENTS = KAppstoreBuySDK/KAppstoreBuySDK.entitlements;
				CODE_SIGN_STYLE = Automatic;
				COMBINE_HIDPI_IMAGES = YES;
				CURRENT_PROJECT_VERSION = 1;
				GENERATE_INFOPLIST_FILE = YES;
				INFOPLIST_KEY_NSHumanReadableCopyright = "";
				INFOPLIST_KEY_NSMainStoryboardFile = Main;
				INFOPLIST_KEY_NSPrincipalClass = NSApplication;
				LD_RUNPATH_SEARCH_PATHS = (
					"$(inherited)",
					"@executable_path/../Frameworks",
				);
				MARKETING_VERSION = 1.0;
				PRODUCT_BUNDLE_IDENTIFIER = com.wondershare.sandboxdemo.KAppstoreBuySDK;
				PRODUCT_NAME = "$(TARGET_NAME)";
				SWIFT_EMIT_LOC_STRINGS = YES;
				SWIFT_VERSION = 5.0;
			};
			name = Debug;
		};
		54FFC3D42750E3B700F00518 /* Release */ = {
			isa = XCBuildConfiguration;
			buildSettings = {
				ASSETCATALOG_COMPILER_APPICON_NAME = AppIcon;
				ASSETCATALOG_COMPILER_GLOBAL_ACCENT_COLOR_NAME = AccentColor;
				CODE_SIGN_ENTITLEMENTS = KAppstoreBuySDK/KAppstoreBuySDK.entitlements;
				CODE_SIGN_STYLE = Automatic;
				COMBINE_HIDPI_IMAGES = YES;
				CURRENT_PROJECT_VERSION = 1;
				GENERATE_INFOPLIST_FILE = YES;
				INFOPLIST_KEY_NSHumanReadableCopyright = "";
				INFOPLIST_KEY_NSMainStoryboardFile = Main;
				INFOPLIST_KEY_NSPrincipalClass = NSApplication;
				LD_RUNPATH_SEARCH_PATHS = (
					"$(inherited)",
					"@executable_path/../Frameworks",
				);
				MARKETING_VERSION = 1.0;
				PRODUCT_BUNDLE_IDENTIFIER = com.wondershare.sandboxdemo.KAppstoreBuySDK;
				PRODUCT_NAME = "$(TARGET_NAME)";
				SWIFT_EMIT_LOC_STRINGS = YES;
				SWIFT_VERSION = 5.0;
			};
			name = Release;
		};
		54FFC3D62750E3B700F00518 /* Debug */ = {
			isa = XCBuildConfiguration;
			buildSettings = {
				ALWAYS_EMBED_SWIFT_STANDARD_LIBRARIES = YES;
				BUNDLE_LOADER = "$(TEST_HOST)";
				CODE_SIGN_STYLE = Automatic;
				COMBINE_HIDPI_IMAGES = YES;
				CURRENT_PROJECT_VERSION = 1;
				GENERATE_INFOPLIST_FILE = YES;
				LD_RUNPATH_SEARCH_PATHS = (
					"$(inherited)",
					"@executable_path/../Frameworks",
					"@loader_path/../Frameworks",
				);
				MACOSX_DEPLOYMENT_TARGET = 11.4;
				MARKETING_VERSION = 1.0;
				PRODUCT_BUNDLE_IDENTIFIER = com.wondershare.sandboxdemo.KAppstoreBuySDKTests;
				PRODUCT_NAME = "$(TARGET_NAME)";
				SWIFT_EMIT_LOC_STRINGS = NO;
				SWIFT_VERSION = 5.0;
				TEST_HOST = "$(BUILT_PRODUCTS_DIR)/KAppstoreBuySDK.app/Contents/MacOS/KAppstoreBuySDK";
			};
			name = Debug;
		};
		54FFC3D72750E3B700F00518 /* Release */ = {
			isa = XCBuildConfiguration;
			buildSettings = {
				ALWAYS_EMBED_SWIFT_STANDARD_LIBRARIES = YES;
				BUNDLE_LOADER = "$(TEST_HOST)";
				CODE_SIGN_STYLE = Automatic;
				COMBINE_HIDPI_IMAGES = YES;
				CURRENT_PROJECT_VERSION = 1;
				GENERATE_INFOPLIST_FILE = YES;
				LD_RUNPATH_SEARCH_PATHS = (
					"$(inherited)",
					"@executable_path/../Frameworks",
					"@loader_path/../Frameworks",
				);
				MACOSX_DEPLOYMENT_TARGET = 11.4;
				MARKETING_VERSION = 1.0;
				PRODUCT_BUNDLE_IDENTIFIER = com.wondershare.sandboxdemo.KAppstoreBuySDKTests;
				PRODUCT_NAME = "$(TARGET_NAME)";
				SWIFT_EMIT_LOC_STRINGS = NO;
				SWIFT_VERSION = 5.0;
				TEST_HOST = "$(BUILT_PRODUCTS_DIR)/KAppstoreBuySDK.app/Contents/MacOS/KAppstoreBuySDK";
			};
			name = Release;
		};
		54FFC3D92750E3B700F00518 /* Debug */ = {
			isa = XCBuildConfiguration;
			buildSettings = {
				ALWAYS_EMBED_SWIFT_STANDARD_LIBRARIES = YES;
				CODE_SIGN_STYLE = Automatic;
				COMBINE_HIDPI_IMAGES = YES;
				CURRENT_PROJECT_VERSION = 1;
				GENERATE_INFOPLIST_FILE = YES;
				LD_RUNPATH_SEARCH_PATHS = (
					"$(inherited)",
					"@executable_path/../Frameworks",
					"@loader_path/../Frameworks",
				);
				MARKETING_VERSION = 1.0;
				PRODUCT_BUNDLE_IDENTIFIER = com.wondershare.sandboxdemo.KAppstoreBuySDKUITests;
				PRODUCT_NAME = "$(TARGET_NAME)";
				SWIFT_EMIT_LOC_STRINGS = NO;
				SWIFT_VERSION = 5.0;
				TEST_TARGET_NAME = KAppstoreBuySDK;
			};
			name = Debug;
		};
		54FFC3DA2750E3B700F00518 /* Release */ = {
			isa = XCBuildConfiguration;
			buildSettings = {
				ALWAYS_EMBED_SWIFT_STANDARD_LIBRARIES = YES;
				CODE_SIGN_STYLE = Automatic;
				COMBINE_HIDPI_IMAGES = YES;
				CURRENT_PROJECT_VERSION = 1;
				GENERATE_INFOPLIST_FILE = YES;
				LD_RUNPATH_SEARCH_PATHS = (
					"$(inherited)",
					"@executable_path/../Frameworks",
					"@loader_path/../Frameworks",
				);
				MARKETING_VERSION = 1.0;
				PRODUCT_BUNDLE_IDENTIFIER = com.wondershare.sandboxdemo.KAppstoreBuySDKUITests;
				PRODUCT_NAME = "$(TARGET_NAME)";
				SWIFT_EMIT_LOC_STRINGS = NO;
				SWIFT_VERSION = 5.0;
				TEST_TARGET_NAME = KAppstoreBuySDK;
			};
			name = Release;
		};
/* End XCBuildConfiguration section */

/* Begin XCConfigurationList section */
		54FFC3A52750E3AE00F00518 /* Build configuration list for PBXProject "KAppstoreBuySDK" */ = {
			isa = XCConfigurationList;
			buildConfigurations = (
				54FFC3D02750E3B700F00518 /* Debug */,
				54FFC3D12750E3B700F00518 /* Release */,
			);
			defaultConfigurationIsVisible = 0;
			defaultConfigurationName = Release;
		};
		54FFC3D22750E3B700F00518 /* Build configuration list for PBXNativeTarget "KAppstoreBuySDK" */ = {
			isa = XCConfigurationList;
			buildConfigurations = (
				54FFC3D32750E3B700F00518 /* Debug */,
				54FFC3D42750E3B700F00518 /* Release */,
			);
			defaultConfigurationIsVisible = 0;
			defaultConfigurationName = Release;
		};
		54FFC3D52750E3B700F00518 /* Build configuration list for PBXNativeTarget "KAppstoreBuySDKTests" */ = {
			isa = XCConfigurationList;
			buildConfigurations = (
				54FFC3D62750E3B700F00518 /* Debug */,
				54FFC3D72750E3B700F00518 /* Release */,
			);
			defaultConfigurationIsVisible = 0;
			defaultConfigurationName = Release;
		};
		54FFC3D82750E3B700F00518 /* Build configuration list for PBXNativeTarget "KAppstoreBuySDKUITests" */ = {
			isa = XCConfigurationList;
			buildConfigurations = (
				54FFC3D92750E3B700F00518 /* Debug */,
				54FFC3DA2750E3B700F00518 /* Release */,
			);
			defaultConfigurationIsVisible = 0;
			defaultConfigurationName = Release;
		};
/* End XCConfigurationList section */

/* Begin XCVersionGroup section */
		54FFC3B12750E3AE00F00518 /* KAppstoreBuySDK.xcdatamodeld */ = {
			isa = XCVersionGroup;
			children = (
				54FFC3B22750E3AE00F00518 /* KAppstoreBuySDK.xcdatamodel */,
			);
			currentVersion = 54FFC3B22750E3AE00F00518 /* KAppstoreBuySDK.xcdatamodel */;
			path = KAppstoreBuySDK.xcdatamodeld;
			sourceTree = "<group>";
			versionGroupType = wrapper.xcdatamodel;
		};
/* End XCVersionGroup section */
	};
	rootObject = 54FFC3A22750E3AE00F00518 /* Project object */;
}
